
Microsoft Visual Studio Solution File, Format Version 12.00
# Visual Studio 2013
VisualStudioVersion = 12.0.40629.0
MinimumVisualStudioVersion = 10.0.40219.1
Project("{FAE04EC0-301F-11D3-BF4B-00C04F79EFBC}") = "AngularJS.WebApp", "src\AngularJS.WebApp\AngularJS.WebApp.csproj", "{BF49913B-3B94-4B71-8D43-ABEA8E74287F}"
EndProject
Global
	GlobalSection(SolutionConfigurationPlatforms) = preSolution
		Debug|Any CPU = Debug|Any CPU
		Release|Any CPU = Release|Any CPU
	EndGlobalSection
	GlobalSection(ProjectConfigurationPlatforms) = postSolution
		{BF49913B-3B94-4B71-8D43-ABEA8E74287F}.Debug|Any CPU.ActiveCfg = Debug|Any CPU
		{BF49913B-3B94-4B71-8D43-ABEA8E74287F}.Debug|Any CPU.Build.0 = Debug|Any CPU
		{BF49913B-3B94-4B71-8D43-ABEA8E74287F}.Release|Any CPU.ActiveCfg = Release|Any CPU
		{BF49913B-3B94-4B71-8D43-ABEA8E74287F}.Release|Any CPU.Build.0 = Release|Any CPU
	EndGlobalSection
	GlobalSection(SolutionProperties) = preSolution
		HideSolutionNode = FALSE
	EndGlobalSection
EndGlobal
